
Microsoft Visual Studio Solution File, Format Version 12.00
# Visual Studio Version 16
VisualStudioVersion = 16.0.31729.503
MinimumVisualStudioVersion = 10.0.40219.1
Project("{FAE04EC0-301F-11D3-BF4B-00C04F79EFBC}") = "ClickOut", "ClickOut\ClickOut.csproj", "{5843891C-91D7-4256-BC4C-E4B7AA132C30}"
EndProject
Global
	GlobalSection(SolutionConfigurationPlatforms) = preSolution
		Debug|Any CPU = Debug|Any CPU
		Release|Any CPU = Release|Any CPU
	EndGlobalSection
	GlobalSection(ProjectConfigurationPlatforms) = postSolution
		{5843891C-91D7-4256-BC4C-E4B7AA132C30}.Debug|Any CPU.ActiveCfg = Debug|Any CPU
		{5843891C-91D7-4256-BC4C-E4B7AA132C30}.Debug|Any CPU.Build.0 = Debug|Any CPU
		{5843891C-91D7-4256-BC4C-E4B7AA132C30}.Release|Any CPU.ActiveCfg = Release|Any CPU
		{5843891C-91D7-4256-BC4C-E4B7AA132C30}.Release|Any CPU.Build.0 = Release|Any CPU
	EndGlobalSection
	GlobalSection(SolutionProperties) = preSolution
		HideSolutionNode = FALSE
	EndGlobalSection
	GlobalSection(ExtensibilityGlobals) = postSolution
		SolutionGuid = {D8C732A6-BB53-4CB9-936B-69396503ABDA}
	EndGlobalSection
EndGlobal
